
Microsoft Visual Studio Solution File, Format Version 12.00
# Visual Studio 15
VisualStudioVersion = 15.0.28307.136
MinimumVisualStudioVersion = 10.0.40219.1
Project("{9A19103F-16F7-4668-BE54-9A1E7A4F7556}") = "Day01", "Day01\Day01.csproj", "{326FF30F-C90F-4FC9-8106-85D76420878E}"
EndProject
Project("{9A19103F-16F7-4668-BE54-9A1E7A4F7556}") = "Day02", "Day02\Day02.csproj", "{A52FC493-BDB3-4946-966D-85AB8D43CB40}"
EndProject
Project("{9A19103F-16F7-4668-BE54-9A1E7A4F7556}") = "Common", "Common\Common.csproj", "{1B4CDD71-F714-4CB3-A202-C3A2F7BD21C3}"
EndProject
Project("{9A19103F-16F7-4668-BE54-9A1E7A4F7556}") = "Day03", "Day03\Day03.csproj", "{A7D3174F-F6F5-4A10-8793-1ADD932F2BA9}"
EndProject
Project("{9A19103F-16F7-4668-BE54-9A1E7A4F7556}") = "Day04", "Day04\Day04.csproj", "{1524BBF6-902E-4F8F-AB96-3DA780525CB0}"
EndProject
Project("{9A19103F-16F7-4668-BE54-9A1E7A4F7556}") = "Day05", "Day05\Day05.csproj", "{50F9FAB2-8AD2-4FC6-BDF9-3F7DB0D33EA9}"
EndProject
Project("{9A19103F-16F7-4668-BE54-9A1E7A4F7556}") = "Tests", "Tests\Tests.csproj", "{13776AC4-718B-435D-A66A-AFDB9D8D2AF4}"
EndProject
Project("{9A19103F-16F7-4668-BE54-9A1E7A4F7556}") = "Day06", "Day06\Day06.csproj", "{A0A11F07-DC35-489F-9FC2-3381B4CDBC06}"
EndProject
Project("{9A19103F-16F7-4668-BE54-9A1E7A4F7556}") = "Day07", "Day07\Day07.csproj", "{7982B8DF-B98F-4A10-A6FF-2ACB659D1FB7}"
EndProject
Project("{9A19103F-16F7-4668-BE54-9A1E7A4F7556}") = "Day08", "Day08\Day08.csproj", "{26B81527-C19A-4C94-A480-342F53103371}"
EndProject
Project("{9A19103F-16F7-4668-BE54-9A1E7A4F7556}") = "Day09", "Day09\Day09.csproj", "{3B83EE2A-ABD0-48BF-9191-1B93526BEF00}"
EndProject
Project("{9A19103F-16F7-4668-BE54-9A1E7A4F7556}") = "Day10", "Day10\Day10.csproj", "{A1C6197E-BC97-426A-AAC6-737DEBE49690}"
EndProject
Project("{9A19103F-16F7-4668-BE54-9A1E7A4F7556}") = "Day11", "Day11\Day11.csproj", "{2CB3EE02-FEAF-446E-80F5-A2D90E3BFCF5}"
EndProject
Project("{FAE04EC0-301F-11D3-BF4B-00C04F79EFBC}") = "Day12", "Day12\Day12.csproj", "{7D5D1BF8-0147-45E7-BE1F-26DEBD7AB508}"
EndProject
Global
	GlobalSection(SolutionConfigurationPlatforms) = preSolution
		Debug|Any CPU = Debug|Any CPU
		Release|Any CPU = Release|Any CPU
	EndGlobalSection
	GlobalSection(ProjectConfigurationPlatforms) = postSolution
		{326FF30F-C90F-4FC9-8106-85D76420878E}.Debug|Any CPU.ActiveCfg = Debug|Any CPU
		{326FF30F-C90F-4FC9-8106-85D76420878E}.Debug|Any CPU.Build.0 = Debug|Any CPU
		{326FF30F-C90F-4FC9-8106-85D76420878E}.Release|Any CPU.ActiveCfg = Release|Any CPU
		{326FF30F-C90F-4FC9-8106-85D76420878E}.Release|Any CPU.Build.0 = Release|Any CPU
		{A52FC493-BDB3-4946-966D-85AB8D43CB40}.Debug|Any CPU.ActiveCfg = Debug|Any CPU
		{A52FC493-BDB3-4946-966D-85AB8D43CB40}.Debug|Any CPU.Build.0 = Debug|Any CPU
		{A52FC493-BDB3-4946-966D-85AB8D43CB40}.Release|Any CPU.ActiveCfg = Release|Any CPU
		{A52FC493-BDB3-4946-966D-85AB8D43CB40}.Release|Any CPU.Build.0 = Release|Any CPU
		{1B4CDD71-F714-4CB3-A202-C3A2F7BD21C3}.Debug|Any CPU.ActiveCfg = Debug|Any CPU
		{1B4CDD71-F714-4CB3-A202-C3A2F7BD21C3}.Debug|Any CPU.Build.0 = Debug|Any CPU
		{1B4CDD71-F714-4CB3-A202-C3A2F7BD21C3}.Release|Any CPU.ActiveCfg = Release|Any CPU
		{1B4CDD71-F714-4CB3-A202-C3A2F7BD21C3}.Release|Any CPU.Build.0 = Release|Any CPU
		{A7D3174F-F6F5-4A10-8793-1ADD932F2BA9}.Debug|Any CPU.ActiveCfg = Debug|Any CPU
		{A7D3174F-F6F5-4A10-8793-1ADD932F2BA9}.Debug|Any CPU.Build.0 = Debug|Any CPU
		{A7D3174F-F6F5-4A10-8793-1ADD932F2BA9}.Release|Any CPU.ActiveCfg = Release|Any CPU
		{A7D3174F-F6F5-4A10-8793-1ADD932F2BA9}.Release|Any CPU.Build.0 = Release|Any CPU
		{1524BBF6-902E-4F8F-AB96-3DA780525CB0}.Debug|Any CPU.ActiveCfg = Debug|Any CPU
		{1524BBF6-902E-4F8F-AB96-3DA780525CB0}.Debug|Any CPU.Build.0 = Debug|Any CPU
		{1524BBF6-902E-4F8F-AB96-3DA780525CB0}.Release|Any CPU.ActiveCfg = Release|Any CPU
		{1524BBF6-902E-4F8F-AB96-3DA780525CB0}.Release|Any CPU.Build.0 = Release|Any CPU
		{50F9FAB2-8AD2-4FC6-BDF9-3F7DB0D33EA9}.Debug|Any CPU.ActiveCfg = Debug|Any CPU
		{50F9FAB2-8AD2-4FC6-BDF9-3F7DB0D33EA9}.Debug|Any CPU.Build.0 = Debug|Any CPU
		{50F9FAB2-8AD2-4FC6-BDF9-3F7DB0D33EA9}.Release|Any CPU.ActiveCfg = Release|Any CPU
		{50F9FAB2-8AD2-4FC6-BDF9-3F7DB0D33EA9}.Release|Any CPU.Build.0 = Release|Any CPU
		{13776AC4-718B-435D-A66A-AFDB9D8D2AF4}.Debug|Any CPU.ActiveCfg = Debug|Any CPU
		{13776AC4-718B-435D-A66A-AFDB9D8D2AF4}.Debug|Any CPU.Build.0 = Debug|Any CPU
		{13776AC4-718B-435D-A66A-AFDB9D8D2AF4}.Release|Any CPU.ActiveCfg = Release|Any CPU
		{13776AC4-718B-435D-A66A-AFDB9D8D2AF4}.Release|Any CPU.Build.0 = Release|Any CPU
		{A0A11F07-DC35-489F-9FC2-3381B4CDBC06}.Debug|Any CPU.ActiveCfg = Debug|Any CPU
		{A0A11F07-DC35-489F-9FC2-3381B4CDBC06}.Debug|Any CPU.Build.0 = Debug|Any CPU
		{A0A11F07-DC35-489F-9FC2-3381B4CDBC06}.Release|Any CPU.ActiveCfg = Release|Any CPU
		{A0A11F07-DC35-489F-9FC2-3381B4CDBC06}.Release|Any CPU.Build.0 = Release|Any CPU
		{7982B8DF-B98F-4A10-A6FF-2ACB659D1FB7}.Debug|Any CPU.ActiveCfg = Debug|Any CPU
		{7982B8DF-B98F-4A10-A6FF-2ACB659D1FB7}.Debug|Any CPU.Build.0 = Debug|Any CPU
		{7982B8DF-B98F-4A10-A6FF-2ACB659D1FB7}.Release|Any CPU.ActiveCfg = Release|Any CPU
		{7982B8DF-B98F-4A10-A6FF-2ACB659D1FB7}.Release|Any CPU.Build.0 = Release|Any CPU
		{26B81527-C19A-4C94-A480-342F53103371}.Debug|Any CPU.ActiveCfg = Debug|Any CPU
		{26B81527-C19A-4C94-A480-342F53103371}.Debug|Any CPU.Build.0 = Debug|Any CPU
		{26B81527-C19A-4C94-A480-342F53103371}.Release|Any CPU.ActiveCfg = Release|Any CPU
		{26B81527-C19A-4C94-A480-342F53103371}.Release|Any CPU.Build.0 = Release|Any CPU
		{3B83EE2A-ABD0-48BF-9191-1B93526BEF00}.Debug|Any CPU.ActiveCfg = Debug|Any CPU
		{3B83EE2A-ABD0-48BF-9191-1B93526BEF00}.Debug|Any CPU.Build.0 = Debug|Any CPU
		{3B83EE2A-ABD0-48BF-9191-1B93526BEF00}.Release|Any CPU.ActiveCfg = Release|Any CPU
		{3B83EE2A-ABD0-48BF-9191-1B93526BEF00}.Release|Any CPU.Build.0 = Release|Any CPU
		{A1C6197E-BC97-426A-AAC6-737DEBE49690}.Debug|Any CPU.ActiveCfg = Debug|Any CPU
		{A1C6197E-BC97-426A-AAC6-737DEBE49690}.Debug|Any CPU.Build.0 = Debug|Any CPU
		{A1C6197E-BC97-426A-AAC6-737DEBE49690}.Release|Any CPU.ActiveCfg = Release|Any CPU
		{A1C6197E-BC97-426A-AAC6-737DEBE49690}.Release|Any CPU.Build.0 = Release|Any CPU
		{2CB3EE02-FEAF-446E-80F5-A2D90E3BFCF5}.Debug|Any CPU.ActiveCfg = Debug|Any CPU
		{2CB3EE02-FEAF-446E-80F5-A2D90E3BFCF5}.Debug|Any CPU.Build.0 = Debug|Any CPU
		{2CB3EE02-FEAF-446E-80F5-A2D90E3BFCF5}.Release|Any CPU.ActiveCfg = Release|Any CPU
		{2CB3EE02-FEAF-446E-80F5-A2D90E3BFCF5}.Release|Any CPU.Build.0 = Release|Any CPU
		{7D5D1BF8-0147-45E7-BE1F-26DEBD7AB508}.Debug|Any CPU.ActiveCfg = Debug|Any CPU
		{7D5D1BF8-0147-45E7-BE1F-26DEBD7AB508}.Debug|Any CPU.Build.0 = Debug|Any CPU
		{7D5D1BF8-0147-45E7-BE1F-26DEBD7AB508}.Release|Any CPU.ActiveCfg = Release|Any CPU
		{7D5D1BF8-0147-45E7-BE1F-26DEBD7AB508}.Release|Any CPU.Build.0 = Release|Any CPU
	EndGlobalSection
	GlobalSection(SolutionProperties) = preSolution
		HideSolutionNode = FALSE
	EndGlobalSection
	GlobalSection(ExtensibilityGlobals) = postSolution
		SolutionGuid = {4D1EA5C4-1794-47D6-8604-EC543D57B482}
	EndGlobalSection
EndGlobal
